// !$*UTF8*$!
{
	archiveVersion = 1;
	classes = {
	};
	objectVersion = 50;
	objects = {

/* Begin PBXBuildFile section */
		EFF3C01220C36985005B3A7F /* AppDelegate.swift in Sources */ = {isa = PBXBuildFile; fileRef = EFF3C01120C36985005B3A7F /* AppDelegate.swift */; };
		EFF3C01420C36985005B3A7F /* MainViewController.swift in Sources */ = {isa = PBXBuildFile; fileRef = EFF3C01320C36985005B3A7F /* MainViewController.swift */; };
		EFF3C01720C36985005B3A7F /* Main.storyboard in Resources */ = {isa = PBXBuildFile; fileRef = EFF3C01520C36985005B3A7F /* Main.storyboard */; };
		EFF3C01920C36986005B3A7F /* Assets.xcassets in Resources */ = {isa = PBXBuildFile; fileRef = EFF3C01820C36986005B3A7F /* Assets.xcassets */; };
		EFF3C01C20C36986005B3A7F /* LaunchScreen.storyboard in Resources */ = {isa = PBXBuildFile; fileRef = EFF3C01A20C36986005B3A7F /* LaunchScreen.storyboard */; };
		EFF3C02520C3705A005B3A7F /* LoginController.swift in Sources */ = {isa = PBXBuildFile; fileRef = EFF3C02420C3705A005B3A7F /* LoginController.swift */; };
/* End PBXBuildFile section */

/* Begin PBXFileReference section */
		EFF3C00E20C36985005B3A7F /* GameOfChat.app */ = {isa = PBXFileReference; explicitFileType = wrapper.application; includeInIndex = 0; path = GameOfChat.app; sourceTree = BUILT_PRODUCTS_DIR; };
		EFF3C01120C36985005B3A7F /* AppDelegate.swift */ = {isa = PBXFileReference; lastKnownFileType = sourcecode.swift; path = AppDelegate.swift; sourceTree = "<group>"; };
		EFF3C01320C36985005B3A7F /* MainViewController.swift */ = {isa = PBXFileReference; lastKnownFileType = sourcecode.swift; path = MainViewController.swift; sourceTree = "<group>"; };
		EFF3C01620C36985005B3A7F /* Base */ = {isa = PBXFileReference; lastKnownFileType = file.storyboard; name = Base; path = Base.lproj/Main.storyboard; sourceTree = "<group>"; };
		EFF3C01820C36986005B3A7F /* Assets.xcassets */ = {isa = PBXFileReference; lastKnownFileType = folder.assetcatalog; path = Assets.xcassets; sourceTree = "<group>"; };
		EFF3C01B20C36986005B3A7F /* Base */ = {isa = PBXFileReference; lastKnownFileType = file.storyboard; name = Base; path = Base.lproj/LaunchScreen.storyboard; sourceTree = "<group>"; };
		EFF3C01D20C36986005B3A7F /* Info.plist */ = {isa = PBXFileReference; lastKnownFileType = text.plist.xml; path = Info.plist; sourceTree = "<group>"; };
		EFF3C02420C3705A005B3A7F /* LoginController.swift */ = {isa = PBXFileReference; lastKnownFileType = sourcecode.swift; path = LoginController.swift; sourceTree = "<group>"; };
/* End PBXFileReference section */

/* Begin PBXFrameworksBuildPhase section */
		EFF3C00B20C36985005B3A7F /* Frameworks */ = {
			isa = PBXFrameworksBuildPhase;
			buildActionMask = 2147483647;
			files = (
			);
			runOnlyForDeploymentPostprocessing = 0;
		};
/* End PBXFrameworksBuildPhase section */

/* Begin PBXGroup section */
		EFF3C00520C36984005B3A7F = {
			isa = PBXGroup;
			children = (
				EFF3C01020C36985005B3A7F /* GameOfChat */,
				EFF3C00F20C36985005B3A7F /* Products */,
			);
			sourceTree = "<group>";
		};
		EFF3C00F20C36985005B3A7F /* Products */ = {
			isa = PBXGroup;
			children = (
				EFF3C00E20C36985005B3A7F /* GameOfChat.app */,
			);
			name = Products;
			sourceTree = "<group>";
		};
		EFF3C01020C36985005B3A7F /* GameOfChat */ = {
			isa = PBXGroup;
			children = (
				EFF3C02320C3701A005B3A7F /* Controller */,
				EFF3C01120C36985005B3A7F /* AppDelegate.swift */,
				EFF3C01520C36985005B3A7F /* Main.storyboard */,
				EFF3C01820C36986005B3A7F /* Assets.xcassets */,
				EFF3C01A20C36986005B3A7F /* LaunchScreen.storyboard */,
				EFF3C01D20C36986005B3A7F /* Info.plist */,
			);
			path = GameOfChat;
			sourceTree = "<group>";
		};
		EFF3C02320C3701A005B3A7F /* Controller */ = {
			isa = PBXGroup;
			children = (
				EFF3C02420C3705A005B3A7F /* LoginController.swift */,
				EFF3C01320C36985005B3A7F /* MainViewController.swift */,
			);
			path = Controller;
			sourceTree = "<group>";
		};
/* End PBXGroup section */

/* Begin PBXNativeTarget section */
		EFF3C00D20C36985005B3A7F /* GameOfChat */ = {
			isa = PBXNativeTarget;
			buildConfigurationList = EFF3C02020C36986005B3A7F /* Build configuration list for PBXNativeTarget "GameOfChat" */;
			buildPhases = (
				EFF3C00A20C36985005B3A7F /* Sources */,
				EFF3C00B20C36985005B3A7F /* Frameworks */,
				EFF3C00C20C36985005B3A7F /* Resources */,
			);
			buildRules = (
			);
			dependencies = (
			);
			name = GameOfChat;
			productName = GameOfChat;
			productReference = EFF3C00E20C36985005B3A7F /* GameOfChat.app */;
			productType = "com.apple.product-type.application";
		};
/* End PBXNativeTarget section */

/* Begin PBXProject section */
		EFF3C00620C36984005B3A7F /* Project object */ = {
			isa = PBXProject;
			attributes = {
				LastSwiftUpdateCheck = 0930;
				LastUpgradeCheck = 0930;
				ORGANIZATIONNAME = "Chidi Emeh";
				TargetAttributes = {
					EFF3C00D20C36985005B3A7F = {
						CreatedOnToolsVersion = 9.3.1;
					};
				};
			};
			buildConfigurationList = EFF3C00920C36984005B3A7F /* Build configuration list for PBXProject "GameOfChat" */;
			compatibilityVersion = "Xcode 9.3";
			developmentRegion = en;
			hasScannedForEncodings = 0;
			knownRegions = (
				en,
				Base,
			);
			mainGroup = EFF3C00520C36984005B3A7F;
			productRefGroup = EFF3C00F20C36985005B3A7F /* Products */;
			projectDirPath = "";
			projectRoot = "";
			targets = (
				EFF3C00D20C36985005B3A7F /* GameOfChat */,
			);
		};
/* End PBXProject section */

/* Begin PBXResourcesBuildPhase section */
		EFF3C00C20C36985005B3A7F /* Resources */ = {
			isa = PBXResourcesBuildPhase;
			buildActionMask = 2147483647;
			files = (
				EFF3C01C20C36986005B3A7F /* LaunchScreen.storyboard in Resources */,
				EFF3C01920C36986005B3A7F /* Assets.xcassets in Resources */,
				EFF3C01720C36985005B3A7F /* Main.storyboard in Resources */,
			);
			runOnlyForDeploymentPostprocessing = 0;
		};
/* End PBXResourcesBuildPhase section */

/* Begin PBXSourcesBuildPhase section */
		EFF3C00A20C36985005B3A7F /* Sources */ = {
			isa = PBXSourcesBuildPhase;
			buildActionMask = 2147483647;
			files = (
				EFF3C01420C36985005B3A7F /* MainViewController.swift in Sources */,
				EFF3C02520C3705A005B3A7F /* LoginController.swift in Sources */,
				EFF3C01220C36985005B3A7F /* AppDelegate.swift in Sources */,
			);
			runOnlyForDeploymentPostprocessing = 0;
		};
/* End PBXSourcesBuildPhase section */

/* Begin PBXVariantGroup section */
		EFF3C01520C36985005B3A7F /* Main.storyboard */ = {
			isa = PBXVariantGroup;
			children = (
				EFF3C01620C36985005B3A7F /* Base */,
			);
			name = Main.storyboard;
			sourceTree = "<group>";
		};
		EFF3C01A20C36986005B3A7F /* LaunchScreen.storyboard */ = {
			isa = PBXVariantGroup;
			children = (
				EFF3C01B20C36986005B3A7F /* Base */,
			);
			name = LaunchScreen.storyboard;
			sourceTree = "<group>";
		};
/* End PBXVariantGroup section */

/* Begin XCBuildConfiguration section */
		EFF3C01E20C36986005B3A7F /* Debug */ = {
			isa = XCBuildConfiguration;
			buildSettings = {
				ALWAYS_SEARCH_USER_PATHS = NO;
				CLANG_ANALYZER_NONNULL = YES;
				CLANG_ANALYZER_NUMBER_OBJECT_CONVERSION = YES_AGGRESSIVE;
				CLANG_CXX_LANGUAGE_STANDARD = "gnu++14";
				CLANG_CXX_LIBRARY = "libc++";
				CLANG_ENABLE_MODULES = YES;
				CLANG_ENABLE_OBJC_ARC = YES;
				CLANG_ENABLE_OBJC_WEAK = YES;
				CLANG_WARN_BLOCK_CAPTURE_AUTORELEASING = YES;
				CLANG_WARN_BOOL_CONVERSION = YES;
				CLANG_WARN_COMMA = YES;
				CLANG_WARN_CONSTANT_CONVERSION = YES;
				CLANG_WARN_DEPRECATED_OBJC_IMPLEMENTATIONS = YES;
				CLANG_WARN_DIRECT_OBJC_ISA_USAGE = YES_ERROR;
				CLANG_WARN_DOCUMENTATION_COMMENTS = YES;
				CLANG_WARN_EMPTY_BODY = YES;
				CLANG_WARN_ENUM_CONVERSION = YES;
				CLANG_WARN_INFINITE_RECURSION = YES;
				CLANG_WARN_INT_CONVERSION = YES;
				CLANG_WARN_NON_LITERAL_NULL_CONVERSION = YES;
				CLANG_WARN_OBJC_IMPLICIT_RETAIN_SELF = YES;
				CLANG_WARN_OBJC_LITERAL_CONVERSION = YES;
				CLANG_WARN_OBJC_ROOT_CLASS = YES_ERROR;
				CLANG_WARN_RANGE_LOOP_ANALYSIS = YES;
				CLANG_WARN_STRICT_PROTOTYPES = YES;
				CLANG_WARN_SUSPICIOUS_MOVE = YES;
				CLANG_WARN_UNGUARDED_AVAILABILITY = YES_AGGRESSIVE;
				CLANG_WARN_UNREACHABLE_CODE = YES;
				CLANG_WARN__DUPLICATE_METHOD_MATCH = YES;
				CODE_SIGN_IDENTITY = "iPhone Developer";
				COPY_PHASE_STRIP = NO;
				DEBUG_INFORMATION_FORMAT = dwarf;
				ENABLE_STRICT_OBJC_MSGSEND = YES;
				ENABLE_TESTABILITY = YES;
				GCC_C_LANGUAGE_STANDARD = gnu11;
				GCC_DYNAMIC_NO_PIC = NO;
				GCC_NO_COMMON_BLOCKS = YES;
				GCC_OPTIMIZATION_LEVEL = 0;
				GCC_PREPROCESSOR_DEFINITIONS = (
					"DEBUG=1",
					"$(inherited)",
				);
				GCC_WARN_64_TO_32_BIT_CONVERSION = YES;
				GCC_WARN_ABOUT_RETURN_TYPE = YES_ERROR;
				GCC_WARN_UNDECLARED_SELECTOR = YES;
				GCC_WARN_UNINITIALIZED_AUTOS = YES_AGGRESSIVE;
				GCC_WARN_UNUSED_FUNCTION = YES;
				GCC_WARN_UNUSED_VARIABLE = YES;
				IPHONEOS_DEPLOYMENT_TARGET = 11.3;
				MTL_ENABLE_DEBUG_INFO = YES;
				ONLY_ACTIVE_ARCH = YES;
				SDKROOT = iphoneos;
				SWIFT_ACTIVE_COMPILATION_CONDITIONS = DEBUG;
				SWIFT_OPTIMIZATION_LEVEL = "-Onone";
			};
			name = Debug;
		};
		EFF3C01F20C36986005B3A7F /* Release */ = {
			isa = XCBuildConfiguration;
			buildSettings = {
				ALWAYS_SEARCH_USER_PATHS = NO;
				CLANG_ANALYZER_NONNULL = YES;
				CLANG_ANALYZER_NUMBER_OBJECT_CONVERSION = YES_AGGRESSIVE;
				CLANG_CXX_LANGUAGE_STANDARD = "gnu++14";
				CLANG_CXX_LIBRARY = "libc++";
				CLANG_ENABLE_MODULES = YES;
				CLANG_ENABLE_OBJC_ARC = YES;
				CLANG_ENABLE_OBJC_WEAK = YES;
				CLANG_WARN_BLOCK_CAPTURE_AUTORELEASING = YES;
				CLANG_WARN_BOOL_CONVERSION = YES;
				CLANG_WARN_COMMA = YES;
				CLANG_WARN_CONSTANT_CONVERSION = YES;
				CLANG_WARN_DEPRECATED_OBJC_IMPLEMENTATIONS = YES;
				CLANG_WARN_DIRECT_OBJC_ISA_USAGE = YES_ERROR;
				CLANG_WARN_DOCUMENTATION_COMMENTS = YES;
				CLANG_WARN_EMPTY_BODY = YES;
				CLANG_WARN_ENUM_CONVERSION = YES;
				CLANG_WARN_INFINITE_RECURSION = YES;
				CLANG_WARN_INT_CONVERSION = YES;
				CLANG_WARN_NON_LITERAL_NULL_CONVERSION = YES;
				CLANG_WARN_OBJC_IMPLICIT_RETAIN_SELF = YES;
				CLANG_WARN_OBJC_LITERAL_CONVERSION = YES;
				CLANG_WARN_OBJC_ROOT_CLASS = YES_ERROR;
				CLANG_WARN_RANGE_LOOP_ANALYSIS = YES;
				CLANG_WARN_STRICT_PROTOTYPES = YES;
				CLANG_WARN_SUSPICIOUS_MOVE = YES;
				CLANG_WARN_UNGUARDED_AVAILABILITY = YES_AGGRESSIVE;
				CLANG_WARN_UNREACHABLE_CODE = YES;
				CLANG_WARN__DUPLICATE_METHOD_MATCH = YES;
				CODE_SIGN_IDENTITY = "iPhone Developer";
				COPY_PHASE_STRIP = NO;
				DEBUG_INFORMATION_FORMAT = "dwarf-with-dsym";
				ENABLE_NS_ASSERTIONS = NO;
				ENABLE_STRICT_OBJC_MSGSEND = YES;
				GCC_C_LANGUAGE_STANDARD = gnu11;
				GCC_NO_COMMON_BLOCKS = YES;
				GCC_WARN_64_TO_32_BIT_CONVERSION = YES;
				GCC_WARN_ABOUT_RETURN_TYPE = YES_ERROR;
				GCC_WARN_UNDECLARED_SELECTOR = YES;
				GCC_WARN_UNINITIALIZED_AUTOS = YES_AGGRESSIVE;
				GCC_WARN_UNUSED_FUNCTION = YES;
				GCC_WARN_UNUSED_VARIABLE = YES;
				IPHONEOS_DEPLOYMENT_TARGET = 11.3;
				MTL_ENABLE_DEBUG_INFO = NO;
				SDKROOT = iphoneos;
				SWIFT_COMPILATION_MODE = wholemodule;
				SWIFT_OPTIMIZATION_LEVEL = "-O";
				VALIDATE_PRODUCT = YES;
			};
			name = Release;
		};
		EFF3C02120C36986005B3A7F /* Debug */ = {
			isa = XCBuildConfiguration;
			buildSettings = {
				ASSETCATALOG_COMPILER_APPICON_NAME = AppIcon;
				CODE_SIGN_STYLE = Automatic;
				DEVELOPMENT_TEAM = 8V82X98L5Q;
				INFOPLIST_FILE = GameOfChat/Info.plist;
				LD_RUNPATH_SEARCH_PATHS = (
					"$(inherited)",
					"@executable_path/Frameworks",
				);
				PRODUCT_BUNDLE_IDENTIFIER = com.gmail.chidiemeh184.GameOfChat;
				PRODUCT_NAME = "$(TARGET_NAME)";
				SWIFT_VERSION = 4.0;
				TARGETED_DEVICE_FAMILY = "1,2";
			};
			name = Debug;
		};
		EFF3C02220C36986005B3A7F /* Release */ = {
			isa = XCBuildConfiguration;
			buildSettings = {
				ASSETCATALOG_COMPILER_APPICON_NAME = AppIcon;
				CODE_SIGN_STYLE = Automatic;
				DEVELOPMENT_TEAM = 8V82X98L5Q;
				INFOPLIST_FILE = GameOfChat/Info.plist;
				LD_RUNPATH_SEARCH_PATHS = (
					"$(inherited)",
					"@executable_path/Frameworks",
				);
				PRODUCT_BUNDLE_IDENTIFIER = com.gmail.chidiemeh184.GameOfChat;
				PRODUCT_NAME = "$(TARGET_NAME)";
				SWIFT_VERSION = 4.0;
				TARGETED_DEVICE_FAMILY = "1,2";
			};
			name = Release;
		};
/* End XCBuildConfiguration section */

/* Begin XCConfigurationList section */
		EFF3C00920C36984005B3A7F /* Build configuration list for PBXProject "GameOfChat" */ = {
			isa = XCConfigurationList;
			buildConfigurations = (
				EFF3C01E20C36986005B3A7F /* Debug */,
				EFF3C01F20C36986005B3A7F /* Release */,
			);
			defaultConfigurationIsVisible = 0;
			defaultConfigurationName = Release;
		};
		EFF3C02020C36986005B3A7F /* Build configuration list for PBXNativeTarget "GameOfChat" */ = {
			isa = XCConfigurationList;
			buildConfigurations = (
				EFF3C02120C36986005B3A7F /* Debug */,
				EFF3C02220C36986005B3A7F /* Release */,
			);
			defaultConfigurationIsVisible = 0;
			defaultConfigurationName = Release;
		};
/* End XCConfigurationList section */
	};
	rootObject = EFF3C00620C36984005B3A7F /* Project object */;
}
